
Microsoft Visual Studio Solution File, Format Version 12.00
# Visual Studio 14
VisualStudioVersion = 14.0.25420.1
MinimumVisualStudioVersion = 10.0.40219.1
Project("{FAE04EC0-301F-11D3-BF4B-00C04F79EFBC}") = "UF_QuickFound", "UF_QuickFound\UF_QuickFound.csproj", "{C976F465-029D-441A-9ED3-39FBBA3D9BBC}"
EndProject
Project("{FAE04EC0-301F-11D3-BF4B-00C04F79EFBC}") = "UF_QuickUnion", "UF_QuickUnion\UF_QuickUnion.csproj", "{D8854EE3-4961-4B8A-8C9A-5A6746EBC9D3}"
EndProject
Project("{FAE04EC0-301F-11D3-BF4B-00C04F79EFBC}") = "UF_WeightedQuickUnion", "UF_WeightedQuickUnion\UF_WeightedQuickUnion.csproj", "{FA9811B9-0948-433E-9F10-33F85F05F1E9}"
EndProject
Project("{2150E333-8FDC-42A3-9474-1A3956D46DE8}") = "Lesson 1", "Lesson 1", "{04484048-C1F6-409B-9350-28CD020DA47C}"
EndProject
Project("{2150E333-8FDC-42A3-9474-1A3956D46DE8}") = "Documents", "Documents", "{78B38610-0AB1-4233-853F-8C00470C3E47}"
	ProjectSection(SolutionItems) = preProject
		Documents\CH1_AnalysisOfAlgorithms.pdf = Documents\CH1_AnalysisOfAlgorithms.pdf
		Documents\CH1_Introduction.pdf = Documents\CH1_Introduction.pdf
		Documents\CH1_UnionFind.pdf = Documents\CH1_UnionFind.pdf
		Documents\CH2_ElementarySorts.pdf = Documents\CH2_ElementarySorts.pdf
		Documents\CH2_StacksAndQueues.pdf = Documents\CH2_StacksAndQueues.pdf
		Documents\CH3_Mergesort.pdf = Documents\CH3_Mergesort.pdf
		Documents\CH3_Quicksort.pdf = Documents\CH3_Quicksort.pdf
		Documents\CH4_PriorityQueues.pdf = Documents\CH4_PriorityQueues.pdf
	EndProjectSection
EndProject
Project("{2150E333-8FDC-42A3-9474-1A3956D46DE8}") = "Lesson 2", "Lesson 2", "{24E18605-85CB-465F-8DDF-F59D57FD5877}"
EndProject
Project("{FAE04EC0-301F-11D3-BF4B-00C04F79EFBC}") = "GenericArrayList", "GenericArrayList\GenericArrayList.csproj", "{DB334EC4-BB21-44F9-8F99-75051B675D50}"
EndProject
Project("{FAE04EC0-301F-11D3-BF4B-00C04F79EFBC}") = "Sorting", "Sorting\Sorting.csproj", "{01680C10-6454-45AA-B0EF-F860F7A53E5A}"
EndProject
Project("{2150E333-8FDC-42A3-9474-1A3956D46DE8}") = "Lesson 3", "Lesson 3", "{C04BEC2A-ADBD-481C-BE63-EEFE974E214C}"
EndProject
Project("{2150E333-8FDC-42A3-9474-1A3956D46DE8}") = "Lesson 4", "Lesson 4", "{C987A291-0BDB-438A-BC51-5273697CE0AC}"
EndProject
Project("{FAE04EC0-301F-11D3-BF4B-00C04F79EFBC}") = "PriorityQueues", "PriorityQueues\PriorityQueues.csproj", "{45745A16-9734-4068-8476-00E0AFEFC0E4}"
EndProject
Global
	GlobalSection(SolutionConfigurationPlatforms) = preSolution
		Debug|Any CPU = Debug|Any CPU
		Release|Any CPU = Release|Any CPU
	EndGlobalSection
	GlobalSection(ProjectConfigurationPlatforms) = postSolution
		{C976F465-029D-441A-9ED3-39FBBA3D9BBC}.Debug|Any CPU.ActiveCfg = Debug|Any CPU
		{C976F465-029D-441A-9ED3-39FBBA3D9BBC}.Debug|Any CPU.Build.0 = Debug|Any CPU
		{C976F465-029D-441A-9ED3-39FBBA3D9BBC}.Release|Any CPU.ActiveCfg = Release|Any CPU
		{C976F465-029D-441A-9ED3-39FBBA3D9BBC}.Release|Any CPU.Build.0 = Release|Any CPU
		{D8854EE3-4961-4B8A-8C9A-5A6746EBC9D3}.Debug|Any CPU.ActiveCfg = Debug|Any CPU
		{D8854EE3-4961-4B8A-8C9A-5A6746EBC9D3}.Debug|Any CPU.Build.0 = Debug|Any CPU
		{D8854EE3-4961-4B8A-8C9A-5A6746EBC9D3}.Release|Any CPU.ActiveCfg = Release|Any CPU
		{D8854EE3-4961-4B8A-8C9A-5A6746EBC9D3}.Release|Any CPU.Build.0 = Release|Any CPU
		{FA9811B9-0948-433E-9F10-33F85F05F1E9}.Debug|Any CPU.ActiveCfg = Debug|Any CPU
		{FA9811B9-0948-433E-9F10-33F85F05F1E9}.Debug|Any CPU.Build.0 = Debug|Any CPU
		{FA9811B9-0948-433E-9F10-33F85F05F1E9}.Release|Any CPU.ActiveCfg = Release|Any CPU
		{FA9811B9-0948-433E-9F10-33F85F05F1E9}.Release|Any CPU.Build.0 = Release|Any CPU
		{DB334EC4-BB21-44F9-8F99-75051B675D50}.Debug|Any CPU.ActiveCfg = Debug|Any CPU
		{DB334EC4-BB21-44F9-8F99-75051B675D50}.Debug|Any CPU.Build.0 = Debug|Any CPU
		{DB334EC4-BB21-44F9-8F99-75051B675D50}.Release|Any CPU.ActiveCfg = Release|Any CPU
		{DB334EC4-BB21-44F9-8F99-75051B675D50}.Release|Any CPU.Build.0 = Release|Any CPU
		{01680C10-6454-45AA-B0EF-F860F7A53E5A}.Debug|Any CPU.ActiveCfg = Debug|Any CPU
		{01680C10-6454-45AA-B0EF-F860F7A53E5A}.Debug|Any CPU.Build.0 = Debug|Any CPU
		{01680C10-6454-45AA-B0EF-F860F7A53E5A}.Release|Any CPU.ActiveCfg = Release|Any CPU
		{01680C10-6454-45AA-B0EF-F860F7A53E5A}.Release|Any CPU.Build.0 = Release|Any CPU
		{45745A16-9734-4068-8476-00E0AFEFC0E4}.Debug|Any CPU.ActiveCfg = Debug|Any CPU
		{45745A16-9734-4068-8476-00E0AFEFC0E4}.Debug|Any CPU.Build.0 = Debug|Any CPU
		{45745A16-9734-4068-8476-00E0AFEFC0E4}.Release|Any CPU.ActiveCfg = Release|Any CPU
		{45745A16-9734-4068-8476-00E0AFEFC0E4}.Release|Any CPU.Build.0 = Release|Any CPU
	EndGlobalSection
	GlobalSection(SolutionProperties) = preSolution
		HideSolutionNode = FALSE
	EndGlobalSection
	GlobalSection(NestedProjects) = preSolution
		{C976F465-029D-441A-9ED3-39FBBA3D9BBC} = {04484048-C1F6-409B-9350-28CD020DA47C}
		{D8854EE3-4961-4B8A-8C9A-5A6746EBC9D3} = {04484048-C1F6-409B-9350-28CD020DA47C}
		{FA9811B9-0948-433E-9F10-33F85F05F1E9} = {04484048-C1F6-409B-9350-28CD020DA47C}
		{DB334EC4-BB21-44F9-8F99-75051B675D50} = {24E18605-85CB-465F-8DDF-F59D57FD5877}
		{01680C10-6454-45AA-B0EF-F860F7A53E5A} = {C04BEC2A-ADBD-481C-BE63-EEFE974E214C}
		{45745A16-9734-4068-8476-00E0AFEFC0E4} = {C987A291-0BDB-438A-BC51-5273697CE0AC}
	EndGlobalSection
EndGlobal
